
Microsoft Visual Studio Solution File, Format Version 12.00
# Visual Studio Version 17
VisualStudioVersion = 17.7.34202.233
MinimumVisualStudioVersion = 10.0.40219.1
Project("{FAE04EC0-301F-11D3-BF4B-00C04F79EFBC}") = "CRUDsimplesDotnetMVC", "CRUDsimplesDotnetMVC\CRUDsimplesDotnetMVC.csproj", "{B1770530-917A-4B50-9A04-3A65600FDB6C}"
EndProject
Global
	GlobalSection(SolutionConfigurationPlatforms) = preSolution
		Debug|Any CPU = Debug|Any CPU
		Release|Any CPU = Release|Any CPU
	EndGlobalSection
	GlobalSection(ProjectConfigurationPlatforms) = postSolution
		{B1770530-917A-4B50-9A04-3A65600FDB6C}.Debug|Any CPU.ActiveCfg = Debug|Any CPU
		{B1770530-917A-4B50-9A04-3A65600FDB6C}.Debug|Any CPU.Build.0 = Debug|Any CPU
		{B1770530-917A-4B50-9A04-3A65600FDB6C}.Release|Any CPU.ActiveCfg = Release|Any CPU
		{B1770530-917A-4B50-9A04-3A65600FDB6C}.Release|Any CPU.Build.0 = Release|Any CPU
	EndGlobalSection
	GlobalSection(SolutionProperties) = preSolution
		HideSolutionNode = FALSE
	EndGlobalSection
	GlobalSection(ExtensibilityGlobals) = postSolution
		SolutionGuid = {D7066417-6BD5-43FF-A094-D5AE88268116}
	EndGlobalSection
EndGlobal
